// !$*UTF8*$!
{
	archiveVersion = 1;
	classes = {
	};
	objectVersion = 60;
	objects = {

/* Begin PBXBuildFile section */
		3100CF772C52C05700CE8F75 /* MobileNumberScreen.swift in Sources */ = {isa = PBXBuildFile; fileRef = 3100CF762C52C05700CE8F75 /* MobileNumberScreen.swift */; };
		3100CF792C52C3EF00CE8F75 /* OTPScreen.swift in Sources */ = {isa = PBXBuildFile; fileRef = 3100CF782C52C3EF00CE8F75 /* OTPScreen.swift */; };
		3100CF7B2C52C9DA00CE8F75 /* NameScreen.swift in Sources */ = {isa = PBXBuildFile; fileRef = 3100CF7A2C52C9DA00CE8F75 /* NameScreen.swift */; };
		3100CF7D2C52CB4000CE8F75 /* GoalScreen.swift in Sources */ = {isa = PBXBuildFile; fileRef = 3100CF7C2C52CB4000CE8F75 /* GoalScreen.swift */; };
		3122A76B2C57F46500E3CB45 /* ExecisesListScreen.swift in Sources */ = {isa = PBXBuildFile; fileRef = 3122A76A2C57F46500E3CB45 /* ExecisesListScreen.swift */; };
		3122A76D2C57F49100E3CB45 /* ExercisesDetailsScreen.swift in Sources */ = {isa = PBXBuildFile; fileRef = 3122A76C2C57F49100E3CB45 /* ExercisesDetailsScreen.swift */; };
		3127BB142C52AA2C0037EA9B /* SignUpScreen.swift in Sources */ = {isa = PBXBuildFile; fileRef = 3127BB132C52AA2C0037EA9B /* SignUpScreen.swift */; };
		3159D7D62C54661C002723C1 /* ExercisesTabScreen.swift in Sources */ = {isa = PBXBuildFile; fileRef = 3159D7D52C54661C002723C1 /* ExercisesTabScreen.swift */; };
		31BBD3E42C5122D600C2C97D /* Saude_AcademiaApp.swift in Sources */ = {isa = PBXBuildFile; fileRef = 31BBD3E32C5122D600C2C97D /* Saude_AcademiaApp.swift */; };
		31BBD3E82C5122D800C2C97D /* Assets.xcassets in Resources */ = {isa = PBXBuildFile; fileRef = 31BBD3E72C5122D800C2C97D /* Assets.xcassets */; };
		31BBD3EB2C5122D800C2C97D /* Preview Assets.xcassets in Resources */ = {isa = PBXBuildFile; fileRef = 31BBD3EA2C5122D800C2C97D /* Preview Assets.xcassets */; };
		31BBD3FC2C5125BB00C2C97D /* OnBoardingScreen.swift in Sources */ = {isa = PBXBuildFile; fileRef = 31BBD3FB2C5125BB00C2C97D /* OnBoardingScreen.swift */; };
		31BBD3FE2C512DB400C2C97D /* Launch Screen.storyboard in Resources */ = {isa = PBXBuildFile; fileRef = 31BBD3FD2C512DB400C2C97D /* Launch Screen.storyboard */; };
		31BBD4042C512E0800C2C97D /* Poppins-Medium.ttf in Resources */ = {isa = PBXBuildFile; fileRef = 31BBD4012C512E0800C2C97D /* Poppins-Medium.ttf */; };
		31BBD4052C512E0800C2C97D /* Poppins-Regular.ttf in Resources */ = {isa = PBXBuildFile; fileRef = 31BBD4022C512E0800C2C97D /* Poppins-Regular.ttf */; };
		31BBD4062C512E0800C2C97D /* Poppins-Light.ttf in Resources */ = {isa = PBXBuildFile; fileRef = 31BBD4002C512E0800C2C97D /* Poppins-Light.ttf */; };
		31BBD4072C512E0800C2C97D /* Poppins-SemiBold.ttf in Resources */ = {isa = PBXBuildFile; fileRef = 31BBD4032C512E0800C2C97D /* Poppins-SemiBold.ttf */; };
		31BBD4082C512E0800C2C97D /* Poppins-Bold.ttf in Resources */ = {isa = PBXBuildFile; fileRef = 31BBD3FF2C512E0800C2C97D /* Poppins-Bold.ttf */; };
		31BBD40B2C51329800C2C97D /* UIExtension.swift in Sources */ = {isa = PBXBuildFile; fileRef = 31BBD40A2C51329800C2C97D /* UIExtension.swift */; };
		31DF4ADF2C53DDCF00202C34 /* SettingsScreen.swift in Sources */ = {isa = PBXBuildFile; fileRef = 31DF4ADE2C53DDCF00202C34 /* SettingsScreen.swift */; };
		31DF4AE12C53DDF700202C34 /* SettingRow.swift in Sources */ = {isa = PBXBuildFile; fileRef = 31DF4AE02C53DDF700202C34 /* SettingRow.swift */; };
		31DF4AE32C53DE0500202C34 /* ProfileScreen.swift in Sources */ = {isa = PBXBuildFile; fileRef = 31DF4AE22C53DE0500202C34 /* ProfileScreen.swift */; };
		31DF4AE72C53E90500202C34 /* ReminderScreen.swift in Sources */ = {isa = PBXBuildFile; fileRef = 31DF4AE62C53E90500202C34 /* ReminderScreen.swift */; };
		31DF4AE92C53E91700202C34 /* NotifcationScreen.swift in Sources */ = {isa = PBXBuildFile; fileRef = 31DF4AE82C53E91700202C34 /* NotifcationScreen.swift */; };
		31DF4AEC2C53F56100202C34 /* TopTabViewScreen.swift in Sources */ = {isa = PBXBuildFile; fileRef = 31DF4AEB2C53F56100202C34 /* TopTabViewScreen.swift */; };
		31DF4AEF2C53F5A200202C34 /* HealthTipTabScreen.swift in Sources */ = {isa = PBXBuildFile; fileRef = 31DF4AEE2C53F5A200202C34 /* HealthTipTabScreen.swift */; };
/* End PBXBuildFile section */

/* Begin PBXFileReference section */
		3100CF762C52C05700CE8F75 /* MobileNumberScreen.swift */ = {isa = PBXFileReference; lastKnownFileType = sourcecode.swift; path = MobileNumberScreen.swift; sourceTree = "<group>"; };
		3100CF782C52C3EF00CE8F75 /* OTPScreen.swift */ = {isa = PBXFileReference; lastKnownFileType = sourcecode.swift; path = OTPScreen.swift; sourceTree = "<group>"; };
		3100CF7A2C52C9DA00CE8F75 /* NameScreen.swift */ = {isa = PBXFileReference; lastKnownFileType = sourcecode.swift; path = NameScreen.swift; sourceTree = "<group>"; };
		3100CF7C2C52CB4000CE8F75 /* GoalScreen.swift */ = {isa = PBXFileReference; lastKnownFileType = sourcecode.swift; path = GoalScreen.swift; sourceTree = "<group>"; };
		3122A76A2C57F46500E3CB45 /* ExecisesListScreen.swift */ = {isa = PBXFileReference; lastKnownFileType = sourcecode.swift; path = ExecisesListScreen.swift; sourceTree = "<group>"; };
		3122A76C2C57F49100E3CB45 /* ExercisesDetailsScreen.swift */ = {isa = PBXFileReference; lastKnownFileType = sourcecode.swift; path = ExercisesDetailsScreen.swift; sourceTree = "<group>"; };
		3127BB132C52AA2C0037EA9B /* SignUpScreen.swift */ = {isa = PBXFileReference; lastKnownFileType = sourcecode.swift; path = SignUpScreen.swift; sourceTree = "<group>"; };
		3159D7D52C54661C002723C1 /* ExercisesTabScreen.swift */ = {isa = PBXFileReference; lastKnownFileType = sourcecode.swift; path = ExercisesTabScreen.swift; sourceTree = "<group>"; };
		31BBD3E02C5122D600C2C97D /* Saude Academia.app */ = {isa = PBXFileReference; explicitFileType = wrapper.application; includeInIndex = 0; path = "Saude Academia.app"; sourceTree = BUILT_PRODUCTS_DIR; };
		31BBD3E32C5122D600C2C97D /* Saude_AcademiaApp.swift */ = {isa = PBXFileReference; lastKnownFileType = sourcecode.swift; path = Saude_AcademiaApp.swift; sourceTree = "<group>"; };
		31BBD3E72C5122D800C2C97D /* Assets.xcassets */ = {isa = PBXFileReference; lastKnownFileType = folder.assetcatalog; path = Assets.xcassets; sourceTree = "<group>"; };
		31BBD3EA2C5122D800C2C97D /* Preview Assets.xcassets */ = {isa = PBXFileReference; lastKnownFileType = folder.assetcatalog; path = "Preview Assets.xcassets"; sourceTree = "<group>"; };
		31BBD3FB2C5125BB00C2C97D /* OnBoardingScreen.swift */ = {isa = PBXFileReference; lastKnownFileType = sourcecode.swift; path = OnBoardingScreen.swift; sourceTree = "<group>"; };
		31BBD3FD2C512DB400C2C97D /* Launch Screen.storyboard */ = {isa = PBXFileReference; lastKnownFileType = file.storyboard; path = "Launch Screen.storyboard"; sourceTree = "<group>"; };
		31BBD3FF2C512E0800C2C97D /* Poppins-Bold.ttf */ = {isa = PBXFileReference; lastKnownFileType = file; path = "Poppins-Bold.ttf"; sourceTree = "<group>"; };
		31BBD4002C512E0800C2C97D /* Poppins-Light.ttf */ = {isa = PBXFileReference; lastKnownFileType = file; path = "Poppins-Light.ttf"; sourceTree = "<group>"; };
		31BBD4012C512E0800C2C97D /* Poppins-Medium.ttf */ = {isa = PBXFileReference; lastKnownFileType = file; path = "Poppins-Medium.ttf"; sourceTree = "<group>"; };
		31BBD4022C512E0800C2C97D /* Poppins-Regular.ttf */ = {isa = PBXFileReference; lastKnownFileType = file; path = "Poppins-Regular.ttf"; sourceTree = "<group>"; };
		31BBD4032C512E0800C2C97D /* Poppins-SemiBold.ttf */ = {isa = PBXFileReference; lastKnownFileType = file; path = "Poppins-SemiBold.ttf"; sourceTree = "<group>"; };
		31BBD4092C5131E100C2C97D /* Saude-Academia-Info.plist */ = {isa = PBXFileReference; lastKnownFileType = text.plist; path = "Saude-Academia-Info.plist"; sourceTree = SOURCE_ROOT; };
		31BBD40A2C51329800C2C97D /* UIExtension.swift */ = {isa = PBXFileReference; lastKnownFileType = sourcecode.swift; path = UIExtension.swift; sourceTree = "<group>"; };
		31DF4ADE2C53DDCF00202C34 /* SettingsScreen.swift */ = {isa = PBXFileReference; lastKnownFileType = sourcecode.swift; path = SettingsScreen.swift; sourceTree = "<group>"; };
		31DF4AE02C53DDF700202C34 /* SettingRow.swift */ = {isa = PBXFileReference; lastKnownFileType = sourcecode.swift; path = SettingRow.swift; sourceTree = "<group>"; };
		31DF4AE22C53DE0500202C34 /* ProfileScreen.swift */ = {isa = PBXFileReference; lastKnownFileType = sourcecode.swift; path = ProfileScreen.swift; sourceTree = "<group>"; };
		31DF4AE62C53E90500202C34 /* ReminderScreen.swift */ = {isa = PBXFileReference; lastKnownFileType = sourcecode.swift; path = ReminderScreen.swift; sourceTree = "<group>"; };
		31DF4AE82C53E91700202C34 /* NotifcationScreen.swift */ = {isa = PBXFileReference; lastKnownFileType = sourcecode.swift; path = NotifcationScreen.swift; sourceTree = "<group>"; };
		31DF4AEB2C53F56100202C34 /* TopTabViewScreen.swift */ = {isa = PBXFileReference; lastKnownFileType = sourcecode.swift; path = TopTabViewScreen.swift; sourceTree = "<group>"; };
		31DF4AEE2C53F5A200202C34 /* HealthTipTabScreen.swift */ = {isa = PBXFileReference; lastKnownFileType = sourcecode.swift; path = HealthTipTabScreen.swift; sourceTree = "<group>"; };
/* End PBXFileReference section */

/* Begin PBXFrameworksBuildPhase section */
		31BBD3DD2C5122D600C2C97D /* Frameworks */ = {
			isa = PBXFrameworksBuildPhase;
			buildActionMask = 2147483647;
			files = (
			);
			runOnlyForDeploymentPostprocessing = 0;
		};
/* End PBXFrameworksBuildPhase section */

/* Begin PBXGroup section */
		3159D7D42C546601002723C1 /* Exercises */ = {
			isa = PBXGroup;
			children = (
				3159D7D52C54661C002723C1 /* ExercisesTabScreen.swift */,
				3122A76A2C57F46500E3CB45 /* ExecisesListScreen.swift */,
				3122A76C2C57F49100E3CB45 /* ExercisesDetailsScreen.swift */,
			);
			path = Exercises;
			sourceTree = "<group>";
		};
		31BBD3D72C5122D600C2C97D = {
			isa = PBXGroup;
			children = (
				31BBD3E22C5122D600C2C97D /* Saude Academia */,
				31BBD3E12C5122D600C2C97D /* Products */,
			);
			sourceTree = "<group>";
		};
		31BBD3E12C5122D600C2C97D /* Products */ = {
			isa = PBXGroup;
			children = (
				31BBD3E02C5122D600C2C97D /* Saude Academia.app */,
			);
			name = Products;
			sourceTree = "<group>";
		};
		31BBD3E22C5122D600C2C97D /* Saude Academia */ = {
			isa = PBXGroup;
			children = (
				31BBD4092C5131E100C2C97D /* Saude-Academia-Info.plist */,
				31BBD3F62C51254C00C2C97D /* Screen */,
				31BBD3F52C51254100C2C97D /* Model */,
				31BBD3F42C51251000C2C97D /* ViewModel */,
				31BBD3F32C51250500C2C97D /* UICommon */,
				31BBD3F22C5124FC00C2C97D /* Common */,
				31BBD3F12C5124F200C2C97D /* Fonts */,
				31BBD3E32C5122D600C2C97D /* Saude_AcademiaApp.swift */,
				31BBD3FD2C512DB400C2C97D /* Launch Screen.storyboard */,
				31BBD3E72C5122D800C2C97D /* Assets.xcassets */,
				31BBD3E92C5122D800C2C97D /* Preview Content */,
			);
			path = "Saude Academia";
			sourceTree = "<group>";
		};
		31BBD3E92C5122D800C2C97D /* Preview Content */ = {
			isa = PBXGroup;
			children = (
				31BBD3EA2C5122D800C2C97D /* Preview Assets.xcassets */,
			);
			path = "Preview Content";
			sourceTree = "<group>";
		};
		31BBD3F12C5124F200C2C97D /* Fonts */ = {
			isa = PBXGroup;
			children = (
				31BBD3FF2C512E0800C2C97D /* Poppins-Bold.ttf */,
				31BBD4002C512E0800C2C97D /* Poppins-Light.ttf */,
				31BBD4012C512E0800C2C97D /* Poppins-Medium.ttf */,
				31BBD4022C512E0800C2C97D /* Poppins-Regular.ttf */,
				31BBD4032C512E0800C2C97D /* Poppins-SemiBold.ttf */,
			);
			path = Fonts;
			sourceTree = "<group>";
		};
		31BBD3F22C5124FC00C2C97D /* Common */ = {
			isa = PBXGroup;
			children = (
			);
			path = Common;
			sourceTree = "<group>";
		};
		31BBD3F32C51250500C2C97D /* UICommon */ = {
			isa = PBXGroup;
			children = (
				31BBD40A2C51329800C2C97D /* UIExtension.swift */,
			);
			path = UICommon;
			sourceTree = "<group>";
		};
		31BBD3F42C51251000C2C97D /* ViewModel */ = {
			isa = PBXGroup;
			children = (
			);
			path = ViewModel;
			sourceTree = "<group>";
		};
		31BBD3F52C51254100C2C97D /* Model */ = {
			isa = PBXGroup;
			children = (
			);
			path = Model;
			sourceTree = "<group>";
		};
		31BBD3F62C51254C00C2C97D /* Screen */ = {
			isa = PBXGroup;
			children = (
				31BBD3F72C51255900C2C97D /* Login */,
				31BBD3F82C51255E00C2C97D /* Home */,
			);
			path = Screen;
			sourceTree = "<group>";
		};
		31BBD3F72C51255900C2C97D /* Login */ = {
			isa = PBXGroup;
			children = (
				31BBD3FB2C5125BB00C2C97D /* OnBoardingScreen.swift */,
				3127BB132C52AA2C0037EA9B /* SignUpScreen.swift */,
				3100CF762C52C05700CE8F75 /* MobileNumberScreen.swift */,
				3100CF782C52C3EF00CE8F75 /* OTPScreen.swift */,
				3100CF7A2C52C9DA00CE8F75 /* NameScreen.swift */,
				3100CF7C2C52CB4000CE8F75 /* GoalScreen.swift */,
			);
			path = Login;
			sourceTree = "<group>";
		};
		31BBD3F82C51255E00C2C97D /* Home */ = {
			isa = PBXGroup;
			children = (
				31DF4AEA2C53F54500202C34 /* TopTabView */,
				31DF4AE52C53E8E400202C34 /* Notification */,
				31DF4AE42C53E8D900202C34 /* Reminder */,
				31DF4ADD2C53DDB100202C34 /* Settings */,
			);
			path = Home;
			sourceTree = "<group>";
		};
		31DF4ADD2C53DDB100202C34 /* Settings */ = {
			isa = PBXGroup;
			children = (
				31DF4ADE2C53DDCF00202C34 /* SettingsScreen.swift */,
				31DF4AE02C53DDF700202C34 /* SettingRow.swift */,
				31DF4AE22C53DE0500202C34 /* ProfileScreen.swift */,
			);
			path = Settings;
			sourceTree = "<group>";
		};
		31DF4AE42C53E8D900202C34 /* Reminder */ = {
			isa = PBXGroup;
			children = (
				31DF4AE62C53E90500202C34 /* ReminderScreen.swift */,
			);
			path = Reminder;
			sourceTree = "<group>";
		};
		31DF4AE52C53E8E400202C34 /* Notification */ = {
			isa = PBXGroup;
			children = (
				31DF4AE82C53E91700202C34 /* NotifcationScreen.swift */,
			);
			path = Notification;
			sourceTree = "<group>";
		};
		31DF4AEA2C53F54500202C34 /* TopTabView */ = {
			isa = PBXGroup;
			children = (
				3159D7D42C546601002723C1 /* Exercises */,
				31DF4AED2C53F58700202C34 /* HealthTip */,
				31DF4AEB2C53F56100202C34 /* TopTabViewScreen.swift */,
			);
			path = TopTabView;
			sourceTree = "<group>";
		};
		31DF4AED2C53F58700202C34 /* HealthTip */ = {
			isa = PBXGroup;
			children = (
				31DF4AEE2C53F5A200202C34 /* HealthTipTabScreen.swift */,
			);
			path = HealthTip;
			sourceTree = "<group>";
		};
/* End PBXGroup section */

/* Begin PBXNativeTarget section */
		31BBD3DF2C5122D600C2C97D /* Saude Academia */ = {
			isa = PBXNativeTarget;
			buildConfigurationList = 31BBD3EE2C5122D800C2C97D /* Build configuration list for PBXNativeTarget "Saude Academia" */;
			buildPhases = (
				31BBD3DC2C5122D600C2C97D /* Sources */,
				31BBD3DD2C5122D600C2C97D /* Frameworks */,
				31BBD3DE2C5122D600C2C97D /* Resources */,
			);
			buildRules = (
			);
			dependencies = (
			);
			name = "Saude Academia";
			productName = "Saude Academia";
			productReference = 31BBD3E02C5122D600C2C97D /* Saude Academia.app */;
			productType = "com.apple.product-type.application";
		};
/* End PBXNativeTarget section */

/* Begin PBXProject section */
		31BBD3D82C5122D600C2C97D /* Project object */ = {
			isa = PBXProject;
			attributes = {
				BuildIndependentTargetsInParallel = 1;
				LastSwiftUpdateCheck = 1600;
				LastUpgradeCheck = 1600;
				TargetAttributes = {
					31BBD3DF2C5122D600C2C97D = {
						CreatedOnToolsVersion = 16.0;
					};
				};
			};
			buildConfigurationList = 31BBD3DB2C5122D600C2C97D /* Build configuration list for PBXProject "Saude Academia" */;
			compatibilityVersion = "Xcode 15.0";
			developmentRegion = en;
			hasScannedForEncodings = 0;
			knownRegions = (
				en,
				Base,
			);
			mainGroup = 31BBD3D72C5122D600C2C97D;
			productRefGroup = 31BBD3E12C5122D600C2C97D /* Products */;
			projectDirPath = "";
			projectRoot = "";
			targets = (
				31BBD3DF2C5122D600C2C97D /* Saude Academia */,
			);
		};
/* End PBXProject section */

/* Begin PBXResourcesBuildPhase section */
		31BBD3DE2C5122D600C2C97D /* Resources */ = {
			isa = PBXResourcesBuildPhase;
			buildActionMask = 2147483647;
			files = (
				31BBD3FE2C512DB400C2C97D /* Launch Screen.storyboard in Resources */,
				31BBD3EB2C5122D800C2C97D /* Preview Assets.xcassets in Resources */,
				31BBD3E82C5122D800C2C97D /* Assets.xcassets in Resources */,
				31BBD4042C512E0800C2C97D /* Poppins-Medium.ttf in Resources */,
				31BBD4052C512E0800C2C97D /* Poppins-Regular.ttf in Resources */,
				31BBD4062C512E0800C2C97D /* Poppins-Light.ttf in Resources */,
				31BBD4072C512E0800C2C97D /* Poppins-SemiBold.ttf in Resources */,
				31BBD4082C512E0800C2C97D /* Poppins-Bold.ttf in Resources */,
			);
			runOnlyForDeploymentPostprocessing = 0;
		};
/* End PBXResourcesBuildPhase section */

/* Begin PBXSourcesBuildPhase section */
		31BBD3DC2C5122D600C2C97D /* Sources */ = {
			isa = PBXSourcesBuildPhase;
			buildActionMask = 2147483647;
			files = (
				3100CF7B2C52C9DA00CE8F75 /* NameScreen.swift in Sources */,
				3122A76B2C57F46500E3CB45 /* ExecisesListScreen.swift in Sources */,
				3122A76D2C57F49100E3CB45 /* ExercisesDetailsScreen.swift in Sources */,
				31DF4AE12C53DDF700202C34 /* SettingRow.swift in Sources */,
				31DF4AEC2C53F56100202C34 /* TopTabViewScreen.swift in Sources */,
				31DF4ADF2C53DDCF00202C34 /* SettingsScreen.swift in Sources */,
				31BBD3FC2C5125BB00C2C97D /* OnBoardingScreen.swift in Sources */,
				3159D7D62C54661C002723C1 /* ExercisesTabScreen.swift in Sources */,
				31DF4AE32C53DE0500202C34 /* ProfileScreen.swift in Sources */,
				31BBD40B2C51329800C2C97D /* UIExtension.swift in Sources */,
				3100CF772C52C05700CE8F75 /* MobileNumberScreen.swift in Sources */,
				31DF4AE92C53E91700202C34 /* NotifcationScreen.swift in Sources */,
				31BBD3E42C5122D600C2C97D /* Saude_AcademiaApp.swift in Sources */,
				3127BB142C52AA2C0037EA9B /* SignUpScreen.swift in Sources */,
				31DF4AE72C53E90500202C34 /* ReminderScreen.swift in Sources */,
				3100CF7D2C52CB4000CE8F75 /* GoalScreen.swift in Sources */,
				3100CF792C52C3EF00CE8F75 /* OTPScreen.swift in Sources */,
				31DF4AEF2C53F5A200202C34 /* HealthTipTabScreen.swift in Sources */,
			);
			runOnlyForDeploymentPostprocessing = 0;
		};
/* End PBXSourcesBuildPhase section */

/* Begin XCBuildConfiguration section */
		31BBD3EC2C5122D800C2C97D /* Debug */ = {
			isa = XCBuildConfiguration;
			buildSettings = {
				ALWAYS_SEARCH_USER_PATHS = NO;
				ASSETCATALOG_COMPILER_GENERATE_SWIFT_ASSET_SYMBOL_EXTENSIONS = YES;
				CLANG_ANALYZER_NONNULL = YES;
				CLANG_ANALYZER_NUMBER_OBJECT_CONVERSION = YES_AGGRESSIVE;
				CLANG_CXX_LANGUAGE_STANDARD = "gnu++20";
				CLANG_ENABLE_MODULES = YES;
				CLANG_ENABLE_OBJC_ARC = YES;
				CLANG_ENABLE_OBJC_WEAK = YES;
				CLANG_WARN_BLOCK_CAPTURE_AUTORELEASING = YES;
				CLANG_WARN_BOOL_CONVERSION = YES;
				CLANG_WARN_COMMA = YES;
				CLANG_WARN_CONSTANT_CONVERSION = YES;
				CLANG_WARN_DEPRECATED_OBJC_IMPLEMENTATIONS = YES;
				CLANG_WARN_DIRECT_OBJC_ISA_USAGE = YES_ERROR;
				CLANG_WARN_DOCUMENTATION_COMMENTS = YES;
				CLANG_WARN_EMPTY_BODY = YES;
				CLANG_WARN_ENUM_CONVERSION = YES;
				CLANG_WARN_INFINITE_RECURSION = YES;
				CLANG_WARN_INT_CONVERSION = YES;
				CLANG_WARN_NON_LITERAL_NULL_CONVERSION = YES;
				CLANG_WARN_OBJC_IMPLICIT_RETAIN_SELF = YES;
				CLANG_WARN_OBJC_LITERAL_CONVERSION = YES;
				CLANG_WARN_OBJC_ROOT_CLASS = YES_ERROR;
				CLANG_WARN_QUOTED_INCLUDE_IN_FRAMEWORK_HEADER = YES;
				CLANG_WARN_RANGE_LOOP_ANALYSIS = YES;
				CLANG_WARN_STRICT_PROTOTYPES = YES;
				CLANG_WARN_SUSPICIOUS_MOVE = YES;
				CLANG_WARN_UNGUARDED_AVAILABILITY = YES_AGGRESSIVE;
				CLANG_WARN_UNREACHABLE_CODE = YES;
				CLANG_WARN__DUPLICATE_METHOD_MATCH = YES;
				COPY_PHASE_STRIP = NO;
				DEBUG_INFORMATION_FORMAT = dwarf;
				ENABLE_STRICT_OBJC_MSGSEND = YES;
				ENABLE_TESTABILITY = YES;
				ENABLE_USER_SCRIPT_SANDBOXING = YES;
				GCC_C_LANGUAGE_STANDARD = gnu17;
				GCC_DYNAMIC_NO_PIC = NO;
				GCC_NO_COMMON_BLOCKS = YES;
				GCC_OPTIMIZATION_LEVEL = 0;
				GCC_PREPROCESSOR_DEFINITIONS = (
					"DEBUG=1",
					"$(inherited)",
				);
				GCC_WARN_64_TO_32_BIT_CONVERSION = YES;
				GCC_WARN_ABOUT_RETURN_TYPE = YES_ERROR;
				GCC_WARN_UNDECLARED_SELECTOR = YES;
				GCC_WARN_UNINITIALIZED_AUTOS = YES_AGGRESSIVE;
				GCC_WARN_UNUSED_FUNCTION = YES;
				GCC_WARN_UNUSED_VARIABLE = YES;
				IPHONEOS_DEPLOYMENT_TARGET = 18.0;
				LOCALIZATION_PREFERS_STRING_CATALOGS = YES;
				MTL_ENABLE_DEBUG_INFO = INCLUDE_SOURCE;
				MTL_FAST_MATH = YES;
				ONLY_ACTIVE_ARCH = YES;
				SDKROOT = iphoneos;
				SWIFT_ACTIVE_COMPILATION_CONDITIONS = "DEBUG $(inherited)";
				SWIFT_OPTIMIZATION_LEVEL = "-Onone";
			};
			name = Debug;
		};
		31BBD3ED2C5122D800C2C97D /* Release */ = {
			isa = XCBuildConfiguration;
			buildSettings = {
				ALWAYS_SEARCH_USER_PATHS = NO;
				ASSETCATALOG_COMPILER_GENERATE_SWIFT_ASSET_SYMBOL_EXTENSIONS = YES;
				CLANG_ANALYZER_NONNULL = YES;
				CLANG_ANALYZER_NUMBER_OBJECT_CONVERSION = YES_AGGRESSIVE;
				CLANG_CXX_LANGUAGE_STANDARD = "gnu++20";
				CLANG_ENABLE_MODULES = YES;
				CLANG_ENABLE_OBJC_ARC = YES;
				CLANG_ENABLE_OBJC_WEAK = YES;
				CLANG_WARN_BLOCK_CAPTURE_AUTORELEASING = YES;
				CLANG_WARN_BOOL_CONVERSION = YES;
				CLANG_WARN_COMMA = YES;
				CLANG_WARN_CONSTANT_CONVERSION = YES;
				CLANG_WARN_DEPRECATED_OBJC_IMPLEMENTATIONS = YES;
				CLANG_WARN_DIRECT_OBJC_ISA_USAGE = YES_ERROR;
				CLANG_WARN_DOCUMENTATION_COMMENTS = YES;
				CLANG_WARN_EMPTY_BODY = YES;
				CLANG_WARN_ENUM_CONVERSION = YES;
				CLANG_WARN_INFINITE_RECURSION = YES;
				CLANG_WARN_INT_CONVERSION = YES;
				CLANG_WARN_NON_LITERAL_NULL_CONVERSION = YES;
				CLANG_WARN_OBJC_IMPLICIT_RETAIN_SELF = YES;
				CLANG_WARN_OBJC_LITERAL_CONVERSION = YES;
				CLANG_WARN_OBJC_ROOT_CLASS = YES_ERROR;
				CLANG_WARN_QUOTED_INCLUDE_IN_FRAMEWORK_HEADER = YES;
				CLANG_WARN_RANGE_LOOP_ANALYSIS = YES;
				CLANG_WARN_STRICT_PROTOTYPES = YES;
				CLANG_WARN_SUSPICIOUS_MOVE = YES;
				CLANG_WARN_UNGUARDED_AVAILABILITY = YES_AGGRESSIVE;
				CLANG_WARN_UNREACHABLE_CODE = YES;
				CLANG_WARN__DUPLICATE_METHOD_MATCH = YES;
				COPY_PHASE_STRIP = NO;
				DEBUG_INFORMATION_FORMAT = "dwarf-with-dsym";
				ENABLE_NS_ASSERTIONS = NO;
				ENABLE_STRICT_OBJC_MSGSEND = YES;
				ENABLE_USER_SCRIPT_SANDBOXING = YES;
				GCC_C_LANGUAGE_STANDARD = gnu17;
				GCC_NO_COMMON_BLOCKS = YES;
				GCC_WARN_64_TO_32_BIT_CONVERSION = YES;
				GCC_WARN_ABOUT_RETURN_TYPE = YES_ERROR;
				GCC_WARN_UNDECLARED_SELECTOR = YES;
				GCC_WARN_UNINITIALIZED_AUTOS = YES_AGGRESSIVE;
				GCC_WARN_UNUSED_FUNCTION = YES;
				GCC_WARN_UNUSED_VARIABLE = YES;
				IPHONEOS_DEPLOYMENT_TARGET = 18.0;
				LOCALIZATION_PREFERS_STRING_CATALOGS = YES;
				MTL_ENABLE_DEBUG_INFO = NO;
				MTL_FAST_MATH = YES;
				SDKROOT = iphoneos;
				SWIFT_COMPILATION_MODE = wholemodule;
				VALIDATE_PRODUCT = YES;
			};
			name = Release;
		};
		31BBD3EF2C5122D800C2C97D /* Debug */ = {
			isa = XCBuildConfiguration;
			buildSettings = {
				ASSETCATALOG_COMPILER_APPICON_NAME = AppIcon;
				ASSETCATALOG_COMPILER_GLOBAL_ACCENT_COLOR_NAME = AccentColor;
				CODE_SIGN_STYLE = Automatic;
				CURRENT_PROJECT_VERSION = 1;
				DEVELOPMENT_ASSET_PATHS = "\"Saude Academia/Preview Content\"";
				DEVELOPMENT_TEAM = MRWW7972SX;
				ENABLE_PREVIEWS = YES;
				GENERATE_INFOPLIST_FILE = YES;
				INFOPLIST_FILE = "Saude-Academia-Info.plist";
				INFOPLIST_KEY_CFBundleDisplayName = "Academia Saúde";
				INFOPLIST_KEY_UIApplicationSceneManifest_Generation = YES;
				INFOPLIST_KEY_UIApplicationSupportsIndirectInputEvents = YES;
				INFOPLIST_KEY_UILaunchScreen_Generation = YES;
				INFOPLIST_KEY_UILaunchStoryboardName = "Launch Screen.storyboard";
				INFOPLIST_KEY_UISupportedInterfaceOrientations = UIInterfaceOrientationPortrait;
				IPHONEOS_DEPLOYMENT_TARGET = 15.0;
				LD_RUNPATH_SEARCH_PATHS = (
					"$(inherited)",
					"@executable_path/Frameworks",
				);
				MARKETING_VERSION = 1.0;
				PRODUCT_BUNDLE_IDENTIFIER = "com.silvaneimartins.Saude-Academia";
				PRODUCT_NAME = "$(TARGET_NAME)";
				SWIFT_EMIT_LOC_STRINGS = YES;
				SWIFT_VERSION = 5.0;
				TARGETED_DEVICE_FAMILY = "1,2";
			};
			name = Debug;
		};
		31BBD3F02C5122D800C2C97D /* Release */ = {
			isa = XCBuildConfiguration;
			buildSettings = {
				ASSETCATALOG_COMPILER_APPICON_NAME = AppIcon;
				ASSETCATALOG_COMPILER_GLOBAL_ACCENT_COLOR_NAME = AccentColor;
				CODE_SIGN_STYLE = Automatic;
				CURRENT_PROJECT_VERSION = 1;
				DEVELOPMENT_ASSET_PATHS = "\"Saude Academia/Preview Content\"";
				DEVELOPMENT_TEAM = MRWW7972SX;
				ENABLE_PREVIEWS = YES;
				GENERATE_INFOPLIST_FILE = YES;
				INFOPLIST_FILE = "Saude-Academia-Info.plist";
				INFOPLIST_KEY_CFBundleDisplayName = "Academia Saúde";
				INFOPLIST_KEY_UIApplicationSceneManifest_Generation = YES;
				INFOPLIST_KEY_UIApplicationSupportsIndirectInputEvents = YES;
				INFOPLIST_KEY_UILaunchScreen_Generation = YES;
				INFOPLIST_KEY_UILaunchStoryboardName = "Launch Screen.storyboard";
				INFOPLIST_KEY_UISupportedInterfaceOrientations = UIInterfaceOrientationPortrait;
				IPHONEOS_DEPLOYMENT_TARGET = 15.0;
				LD_RUNPATH_SEARCH_PATHS = (
					"$(inherited)",
					"@executable_path/Frameworks",
				);
				MARKETING_VERSION = 1.0;
				PRODUCT_BUNDLE_IDENTIFIER = "com.silvaneimartins.Saude-Academia";
				PRODUCT_NAME = "$(TARGET_NAME)";
				SWIFT_EMIT_LOC_STRINGS = YES;
				SWIFT_VERSION = 5.0;
				TARGETED_DEVICE_FAMILY = "1,2";
			};
			name = Release;
		};
/* End XCBuildConfiguration section */

/* Begin XCConfigurationList section */
		31BBD3DB2C5122D600C2C97D /* Build configuration list for PBXProject "Saude Academia" */ = {
			isa = XCConfigurationList;
			buildConfigurations = (
				31BBD3EC2C5122D800C2C97D /* Debug */,
				31BBD3ED2C5122D800C2C97D /* Release */,
			);
			defaultConfigurationIsVisible = 0;
			defaultConfigurationName = Release;
		};
		31BBD3EE2C5122D800C2C97D /* Build configuration list for PBXNativeTarget "Saude Academia" */ = {
			isa = XCConfigurationList;
			buildConfigurations = (
				31BBD3EF2C5122D800C2C97D /* Debug */,
				31BBD3F02C5122D800C2C97D /* Release */,
			);
			defaultConfigurationIsVisible = 0;
			defaultConfigurationName = Release;
		};
/* End XCConfigurationList section */
	};
	rootObject = 31BBD3D82C5122D600C2C97D /* Project object */;
}
